{
  "nodes": {
    "flake-utils": {
      "locked": {
        "lastModified": 1653893745,
        "narHash": "sha256-0jntwV3Z8//YwuOjzhV2sgJJPt+HY6KhU7VZUL0fKZQ=",
        "owner": "numtide",
        "repo": "flake-utils",
        "rev": "1ed9fb1935d260de5fe1c2f7ee0ebaae17ed2fa1",
        "type": "github"
      },
      "original": {
        "id": "flake-utils",
        "type": "indirect"
      }
    },
    "fstar-src": {
      "flake": false,
      "locked": {
        "lastModified": 1655160725,
        "narHash": "sha256-0YMmk9rFzpx/YX07Hs5CaRLLa3ICgrCOurn/WFr9m/U=",
        "owner": "fstarlang",
        "repo": "fstar",
        "rev": "4a400c4d144357a15a780c48aa1480b9963fff39",
        "type": "github"
      },
      "original": {
        "owner": "fstarlang",
        "repo": "fstar",
        "type": "github"
      }
    },
    "hacl-src": {
      "flake": false,
      "locked": {
        "lastModified": 1655227825,
        "narHash": "sha256-3HmLcaMo039Jmz4BheZZfh7OMG5srhccbjvr/GzpD+E=",
        "owner": "project-everest",
        "repo": "hacl-star",
        "rev": "52183c1a3e38ecd046d9cf179a9e93b029cf8dd5",
        "type": "github"
      },
      "original": {
        "owner": "project-everest",
        "repo": "hacl-star",
        "type": "github"
      }
    },
    "karamel-src": {
      "flake": false,
      "locked": {
        "lastModified": 1654708613,
        "narHash": "sha256-fW/Q2FY+uQQOAOXmBdWGZ+nHX6MoPYfutaU1Fd3xIEo=",
        "owner": "fstarlang",
        "repo": "karamel",
        "rev": "28a9d4a64fbbdcd1fe12c07e65d4b82e63bb5106",
        "type": "github"
      },
      "original": {
        "owner": "fstarlang",
        "repo": "karamel",
        "type": "github"
      }
    },
    "nixpkgs": {
      "locked": {
        "lastModified": 1655255117,
        "narHash": "sha256-Csls0+1hz2S0IFx74YiVdb53zqz+R0huJNOEQnSfh6g=",
        "owner": "nixos",
        "repo": "nixpkgs",
        "rev": "5b9c07333237392c5ef31a9923fff929e4be7c44",
        "type": "github"
      },
      "original": {
        "owner": "nixos",
        "ref": "master",
        "repo": "nixpkgs",
        "type": "github"
      }
    },
    "root": {
      "inputs": {
        "flake-utils": "flake-utils",
        "fstar-src": "fstar-src",
        "hacl-src": "hacl-src",
        "karamel-src": "karamel-src",
        "nixpkgs": "nixpkgs"
      }
    }
  },
  "root": "root",
  "version": 7
}
