{
  "nodes": {
    "flake-utils": {
      "locked": {
        "lastModified": 1656065134,
        "narHash": "sha256-oc6E6ByIw3oJaIyc67maaFcnjYOz1mMcOtHxbEf9NwQ=",
        "owner": "numtide",
        "repo": "flake-utils",
        "rev": "bee6a7250dd1b01844a2de7e02e4df7d8a0a206c",
        "type": "github"
      },
      "original": {
        "id": "flake-utils",
        "type": "indirect"
      }
    },
    "fstar-src": {
      "flake": false,
      "locked": {
        "lastModified": 1656291674,
        "narHash": "sha256-XfFF341vioa61sC7jabblwANjOLTK+lvpOw4Z7VRQiY=",
        "owner": "fstarlang",
        "repo": "fstar",
        "rev": "a46a208c59b502b427e300e7a9e7b7cf9fb58ad7",
        "type": "github"
      },
      "original": {
        "owner": "fstarlang",
        "repo": "fstar",
        "type": "github"
      }
    },
    "hacl-src": {
      "flake": false,
      "locked": {
        "lastModified": 1655452483,
        "narHash": "sha256-JHZSyALc9ukYqmDSO1wuqzBt8XenRxYR3o9wjnHrmn8=",
        "owner": "project-everest",
        "repo": "hacl-star",
        "rev": "9c2083b65c0c32c023cba1cfe728557ffba3e768",
        "type": "github"
      },
      "original": {
        "owner": "project-everest",
        "repo": "hacl-star",
        "type": "github"
      }
    },
    "karamel-src": {
      "flake": false,
      "locked": {
        "lastModified": 1654708613,
        "narHash": "sha256-fW/Q2FY+uQQOAOXmBdWGZ+nHX6MoPYfutaU1Fd3xIEo=",
        "owner": "fstarlang",
        "repo": "karamel",
        "rev": "28a9d4a64fbbdcd1fe12c07e65d4b82e63bb5106",
        "type": "github"
      },
      "original": {
        "owner": "fstarlang",
        "repo": "karamel",
        "type": "github"
      }
    },
    "nixpkgs": {
      "locked": {
        "lastModified": 1656376159,
        "narHash": "sha256-md2PHCiztlpFLrkTRkc+lDEzem8ryf4EGsVnBSU6DzA=",
        "owner": "nixos",
        "repo": "nixpkgs",
        "rev": "e050d2d6506ec85f6c28953bbe9bf964282c689d",
        "type": "github"
      },
      "original": {
        "owner": "nixos",
        "ref": "master",
        "repo": "nixpkgs",
        "type": "github"
      }
    },
    "root": {
      "inputs": {
        "flake-utils": "flake-utils",
        "fstar-src": "fstar-src",
        "hacl-src": "hacl-src",
        "karamel-src": "karamel-src",
        "nixpkgs": "nixpkgs"
      }
    }
  },
  "root": "root",
  "version": 7
}
