{
  "nodes": {
    "flake-utils": {
      "locked": {
        "lastModified": 1656065134,
        "narHash": "sha256-oc6E6ByIw3oJaIyc67maaFcnjYOz1mMcOtHxbEf9NwQ=",
        "owner": "numtide",
        "repo": "flake-utils",
        "rev": "bee6a7250dd1b01844a2de7e02e4df7d8a0a206c",
        "type": "github"
      },
      "original": {
        "id": "flake-utils",
        "type": "indirect"
      }
    },
    "fstar-src": {
      "flake": false,
      "locked": {
        "lastModified": 1656291674,
        "narHash": "sha256-XfFF341vioa61sC7jabblwANjOLTK+lvpOw4Z7VRQiY=",
        "owner": "fstarlang",
        "repo": "fstar",
        "rev": "a46a208c59b502b427e300e7a9e7b7cf9fb58ad7",
        "type": "github"
      },
      "original": {
        "owner": "fstarlang",
        "repo": "fstar",
        "type": "github"
      }
    },
    "hacl-src": {
      "flake": false,
      "locked": {
        "lastModified": 1656524310,
        "narHash": "sha256-6IZY9w1CKM1mcgcNu34jexdELY9+6viOndQWqqOVp3I=",
        "owner": "project-everest",
        "repo": "hacl-star",
        "rev": "e4b8edebe4546932afb8b6302ab0184beddbf764",
        "type": "github"
      },
      "original": {
        "owner": "project-everest",
        "repo": "hacl-star",
        "type": "github"
      }
    },
    "karamel-src": {
      "flake": false,
      "locked": {
        "lastModified": 1656430203,
        "narHash": "sha256-7dQqvfHuj2V8efHJI9L2/fdsXRbPWyyC6z+jyNg1gqU=",
        "owner": "fstarlang",
        "repo": "karamel",
        "rev": "1c53e330982cb19dca2368eaa71ec21e80e556c8",
        "type": "github"
      },
      "original": {
        "owner": "fstarlang",
        "repo": "karamel",
        "type": "github"
      }
    },
    "nixpkgs": {
      "locked": {
        "lastModified": 1656555448,
        "narHash": "sha256-vivZHZGvh29BEaB2jb8RBJ0lffXAsAVGNbI+8CTbFLw=",
        "owner": "nixos",
        "repo": "nixpkgs",
        "rev": "0929936b2176c2bceab2e4f3827b6a9e2c1147a0",
        "type": "github"
      },
      "original": {
        "owner": "nixos",
        "ref": "master",
        "repo": "nixpkgs",
        "type": "github"
      }
    },
    "root": {
      "inputs": {
        "flake-utils": "flake-utils",
        "fstar-src": "fstar-src",
        "hacl-src": "hacl-src",
        "karamel-src": "karamel-src",
        "nixpkgs": "nixpkgs"
      }
    }
  },
  "root": "root",
  "version": 7
}
